
Microsoft Visual Studio Solution File, Format Version 12.00
# Visual Studio Version 16
VisualStudioVersion = 16.0.31019.35
MinimumVisualStudioVersion = 10.0.40219.1
Project("{FAE04EC0-301F-11D3-BF4B-00C04F79EFBC}") = "Web-Api", "Web-Api\Web-Api.csproj", "{580ABE3B-5240-45C7-AB58-B862F1008B15}"
EndProject
Project("{FAE04EC0-301F-11D3-BF4B-00C04F79EFBC}") = "Data", "Data\Data.csproj", "{ADEC721C-94CA-45EE-9F67-7EC1D705F9FD}"
EndProject
Project("{FAE04EC0-301F-11D3-BF4B-00C04F79EFBC}") = "Model", "Model\Model.csproj", "{4E982AE3-C640-48D5-9AB4-226AAEB36E39}"
EndProject
Global
	GlobalSection(SolutionConfigurationPlatforms) = preSolution
		Debug|Any CPU = Debug|Any CPU
		Release|Any CPU = Release|Any CPU
	EndGlobalSection
	GlobalSection(ProjectConfigurationPlatforms) = postSolution
		{580ABE3B-5240-45C7-AB58-B862F1008B15}.Debug|Any CPU.ActiveCfg = Debug|Any CPU
		{580ABE3B-5240-45C7-AB58-B862F1008B15}.Debug|Any CPU.Build.0 = Debug|Any CPU
		{580ABE3B-5240-45C7-AB58-B862F1008B15}.Release|Any CPU.ActiveCfg = Release|Any CPU
		{580ABE3B-5240-45C7-AB58-B862F1008B15}.Release|Any CPU.Build.0 = Release|Any CPU
		{ADEC721C-94CA-45EE-9F67-7EC1D705F9FD}.Debug|Any CPU.ActiveCfg = Debug|Any CPU
		{ADEC721C-94CA-45EE-9F67-7EC1D705F9FD}.Debug|Any CPU.Build.0 = Debug|Any CPU
		{ADEC721C-94CA-45EE-9F67-7EC1D705F9FD}.Release|Any CPU.ActiveCfg = Release|Any CPU
		{ADEC721C-94CA-45EE-9F67-7EC1D705F9FD}.Release|Any CPU.Build.0 = Release|Any CPU
		{4E982AE3-C640-48D5-9AB4-226AAEB36E39}.Debug|Any CPU.ActiveCfg = Debug|Any CPU
		{4E982AE3-C640-48D5-9AB4-226AAEB36E39}.Debug|Any CPU.Build.0 = Debug|Any CPU
		{4E982AE3-C640-48D5-9AB4-226AAEB36E39}.Release|Any CPU.ActiveCfg = Release|Any CPU
		{4E982AE3-C640-48D5-9AB4-226AAEB36E39}.Release|Any CPU.Build.0 = Release|Any CPU
	EndGlobalSection
	GlobalSection(SolutionProperties) = preSolution
		HideSolutionNode = FALSE
	EndGlobalSection
	GlobalSection(ExtensibilityGlobals) = postSolution
		SolutionGuid = {9CAC98E0-6938-45A3-82C7-5EA7C2513B90}
	EndGlobalSection
EndGlobal
